{
  "name": "@cognitive/cognitive-test-framework",
  "version": "1.0.0",
  "lockfileVersion": 3,
  "requires": true,
  "packages": {
    "": {
      "name": "@cognitive/cognitive-test-framework",
      "version": "1.0.0",
      "dependencies": {
        "@babel/parser": "^7.24.0",
        "@babel/traverse": "^7.24.0",
        "@cucumber/gherkin": "^28.0.0",
        "@cucumber/messages": "^25.0.0",
        "openai": "^4.0.0",
        "commander": "^12.0.0",
        "chalk": "^5.3.0",
        "glob": "^10.3.0",
        "js-yaml": "^4.1.0",
        "ora": "^8.0.1",
        "prompts": "^2.4.2",
        "winston": "^3.13.0"
      },
      "devDependencies": {
        "@types/node": "^20.0.0",
        "eslint": "^8.57.0",
        "typescript": "^5.4.0",
        "vitest": "^1.6.0"
      }
    }
  }
}
